
Microsoft Visual Studio Solution File, Format Version 12.00
# Visual Studio Version 17
VisualStudioVersion = 17.8.34309.116
MinimumVisualStudioVersion = 10.0.40219.1
Project("{FAE04EC0-301F-11D3-BF4B-00C04F79EFBC}") = "Lab4", "Lab4\Lab4.csproj", "{D76F20D5-0FA3-4261-B327-4CB989D58B51}"
EndProject
Project("{FAE04EC0-301F-11D3-BF4B-00C04F79EFBC}") = "lab4_tests", "lab4_tests\lab4_tests.csproj", "{D0BD00DF-9DCA-4CC3-B1BB-F7068E931DCB}"
EndProject
Global
	GlobalSection(SolutionConfigurationPlatforms) = preSolution
		Debug|Any CPU = Debug|Any CPU
		Release|Any CPU = Release|Any CPU
	EndGlobalSection
	GlobalSection(ProjectConfigurationPlatforms) = postSolution
		{D76F20D5-0FA3-4261-B327-4CB989D58B51}.Debug|Any CPU.ActiveCfg = Debug|Any CPU
		{D76F20D5-0FA3-4261-B327-4CB989D58B51}.Debug|Any CPU.Build.0 = Debug|Any CPU
		{D76F20D5-0FA3-4261-B327-4CB989D58B51}.Release|Any CPU.ActiveCfg = Release|Any CPU
		{D76F20D5-0FA3-4261-B327-4CB989D58B51}.Release|Any CPU.Build.0 = Release|Any CPU
		{D0BD00DF-9DCA-4CC3-B1BB-F7068E931DCB}.Debug|Any CPU.ActiveCfg = Debug|Any CPU
		{D0BD00DF-9DCA-4CC3-B1BB-F7068E931DCB}.Debug|Any CPU.Build.0 = Debug|Any CPU
		{D0BD00DF-9DCA-4CC3-B1BB-F7068E931DCB}.Release|Any CPU.ActiveCfg = Release|Any CPU
		{D0BD00DF-9DCA-4CC3-B1BB-F7068E931DCB}.Release|Any CPU.Build.0 = Release|Any CPU
	EndGlobalSection
	GlobalSection(SolutionProperties) = preSolution
		HideSolutionNode = FALSE
	EndGlobalSection
	GlobalSection(ExtensibilityGlobals) = postSolution
		SolutionGuid = {2885B38D-AACB-4B0C-B0BC-161E2257064B}
	EndGlobalSection
EndGlobal
